
Microsoft Visual Studio Solution File, Format Version 12.00
# Visual Studio 15
VisualStudioVersion = 15.0.28307.1209
MinimumVisualStudioVersion = 10.0.40219.1
Project("{FAE04EC0-301F-11D3-BF4B-00C04F79EFBC}") = "US5NET", "QuerSyst\US5NET.csproj", "{FD09ABB9-06AD-4EE2-9C8A-75D98BE89FBA}"
EndProject
Global
	GlobalSection(SolutionConfigurationPlatforms) = preSolution
		Debug|Any CPU = Debug|Any CPU
		Release|Any CPU = Release|Any CPU
	EndGlobalSection
	GlobalSection(ProjectConfigurationPlatforms) = postSolution
		{FD09ABB9-06AD-4EE2-9C8A-75D98BE89FBA}.Debug|Any CPU.ActiveCfg = Debug|Any CPU
		{FD09ABB9-06AD-4EE2-9C8A-75D98BE89FBA}.Debug|Any CPU.Build.0 = Debug|Any CPU
		{FD09ABB9-06AD-4EE2-9C8A-75D98BE89FBA}.Release|Any CPU.ActiveCfg = Release|Any CPU
		{FD09ABB9-06AD-4EE2-9C8A-75D98BE89FBA}.Release|Any CPU.Build.0 = Release|Any CPU
	EndGlobalSection
	GlobalSection(SolutionProperties) = preSolution
		HideSolutionNode = FALSE
	EndGlobalSection
	GlobalSection(ExtensibilityGlobals) = postSolution
		SolutionGuid = {299A2CB0-ABA2-41E0-9F21-E088A8BD036D}
	EndGlobalSection
EndGlobal
